{"is_source_file": false, "format": "", "description": "", "external_files": [], "external_methods": [], "published": [], "classes": [], "methods": [], "calls": [], "search-terms": ["post_process_status.lock"], "state": 2, "file_id": 5, "knowledge_revision": 7, "git_revision": "", "hash": "9c4ed7ef73e22b872b8055bec08b8979", "format-version": 4, "code-base-name": "finance_db", "filename": "post_process_status.lock", "revision_history": [{"7": ""}]}